
Microsoft Visual Studio Solution File, Format Version 12.00
# Visual Studio Version 17
VisualStudioVersion = 17.3.32811.315
MinimumVisualStudioVersion = 10.0.40219.1
Project("{FAE04EC0-301F-11D3-BF4B-00C04F79EFBC}") = "TravelTripProject", "TravelTripProject\TravelTripProject.csproj", "{4A7A9EB9-00E9-4ABA-A13A-5DCB51BCD004}"
EndProject
Global
	GlobalSection(SolutionConfigurationPlatforms) = preSolution
		Debug|Any CPU = Debug|Any CPU
		Release|Any CPU = Release|Any CPU
	EndGlobalSection
	GlobalSection(ProjectConfigurationPlatforms) = postSolution
		{4A7A9EB9-00E9-4ABA-A13A-5DCB51BCD004}.Debug|Any CPU.ActiveCfg = Debug|Any CPU
		{4A7A9EB9-00E9-4ABA-A13A-5DCB51BCD004}.Debug|Any CPU.Build.0 = Debug|Any CPU
		{4A7A9EB9-00E9-4ABA-A13A-5DCB51BCD004}.Release|Any CPU.ActiveCfg = Release|Any CPU
		{4A7A9EB9-00E9-4ABA-A13A-5DCB51BCD004}.Release|Any CPU.Build.0 = Release|Any CPU
	EndGlobalSection
	GlobalSection(SolutionProperties) = preSolution
		HideSolutionNode = FALSE
	EndGlobalSection
	GlobalSection(ExtensibilityGlobals) = postSolution
		SolutionGuid = {715F6205-13AC-479C-9197-8E32C7BF8EAA}
	EndGlobalSection
EndGlobal
